
Microsoft Visual Studio Solution File, Format Version 12.00
# Visual Studio Version 16
VisualStudioVersion = 16.0.30204.135
MinimumVisualStudioVersion = 10.0.40219.1
Project("{FAE04EC0-301F-11D3-BF4B-00C04F79EFBC}") = "AssetTrackingMobile.Android", "AssetTrackingMobile.Android\AssetTrackingMobile.Android.csproj", "{DD4DA50A-4E09-43B3-B7DF-C39D08E1ACBB}"
EndProject
Project("{FAE04EC0-301F-11D3-BF4B-00C04F79EFBC}") = "AssetTrackingMobile.iOS", "AssetTrackingMobile.iOS\AssetTrackingMobile.iOS.csproj", "{5B305611-D50A-449C-9FF9-B101DC8F851B}"
EndProject
Project("{FAE04EC0-301F-11D3-BF4B-00C04F79EFBC}") = "AssetTrackingMobile", "AssetTrackingMobile\AssetTrackingMobile.csproj", "{C8AB37FF-5088-41C9-880C-DE822F6989D2}"
EndProject
Project("{2150E333-8FDC-42A3-9474-1A3956D46DE8}") = "Solution Items", "Solution Items", "{2C4EB12D-477C-418D-9D16-C4A3FC0398A3}"
	ProjectSection(SolutionItems) = preProject
		Pasos.txt = Pasos.txt
	EndProjectSection
EndProject
Global
	GlobalSection(SolutionConfigurationPlatforms) = preSolution
		Debug|Any CPU = Debug|Any CPU
		Debug|iPhone = Debug|iPhone
		Debug|iPhoneSimulator = Debug|iPhoneSimulator
		Release|Any CPU = Release|Any CPU
		Release|iPhone = Release|iPhone
		Release|iPhoneSimulator = Release|iPhoneSimulator
	EndGlobalSection
	GlobalSection(ProjectConfigurationPlatforms) = postSolution
		{DD4DA50A-4E09-43B3-B7DF-C39D08E1ACBB}.Debug|Any CPU.ActiveCfg = Debug|Any CPU
		{DD4DA50A-4E09-43B3-B7DF-C39D08E1ACBB}.Debug|Any CPU.Build.0 = Debug|Any CPU
		{DD4DA50A-4E09-43B3-B7DF-C39D08E1ACBB}.Debug|Any CPU.Deploy.0 = Debug|Any CPU
		{DD4DA50A-4E09-43B3-B7DF-C39D08E1ACBB}.Debug|iPhone.ActiveCfg = Debug|Any CPU
		{DD4DA50A-4E09-43B3-B7DF-C39D08E1ACBB}.Debug|iPhone.Build.0 = Debug|Any CPU
		{DD4DA50A-4E09-43B3-B7DF-C39D08E1ACBB}.Debug|iPhone.Deploy.0 = Debug|Any CPU
		{DD4DA50A-4E09-43B3-B7DF-C39D08E1ACBB}.Debug|iPhoneSimulator.ActiveCfg = Debug|Any CPU
		{DD4DA50A-4E09-43B3-B7DF-C39D08E1ACBB}.Debug|iPhoneSimulator.Build.0 = Debug|Any CPU
		{DD4DA50A-4E09-43B3-B7DF-C39D08E1ACBB}.Debug|iPhoneSimulator.Deploy.0 = Debug|Any CPU
		{DD4DA50A-4E09-43B3-B7DF-C39D08E1ACBB}.Release|Any CPU.ActiveCfg = Release|Any CPU
		{DD4DA50A-4E09-43B3-B7DF-C39D08E1ACBB}.Release|Any CPU.Build.0 = Release|Any CPU
		{DD4DA50A-4E09-43B3-B7DF-C39D08E1ACBB}.Release|Any CPU.Deploy.0 = Release|Any CPU
		{DD4DA50A-4E09-43B3-B7DF-C39D08E1ACBB}.Release|iPhone.ActiveCfg = Release|Any CPU
		{DD4DA50A-4E09-43B3-B7DF-C39D08E1ACBB}.Release|iPhone.Build.0 = Release|Any CPU
		{DD4DA50A-4E09-43B3-B7DF-C39D08E1ACBB}.Release|iPhone.Deploy.0 = Release|Any CPU
		{DD4DA50A-4E09-43B3-B7DF-C39D08E1ACBB}.Release|iPhoneSimulator.ActiveCfg = Release|Any CPU
		{DD4DA50A-4E09-43B3-B7DF-C39D08E1ACBB}.Release|iPhoneSimulator.Build.0 = Release|Any CPU
		{DD4DA50A-4E09-43B3-B7DF-C39D08E1ACBB}.Release|iPhoneSimulator.Deploy.0 = Release|Any CPU
		{5B305611-D50A-449C-9FF9-B101DC8F851B}.Debug|Any CPU.ActiveCfg = Debug|iPhone
		{5B305611-D50A-449C-9FF9-B101DC8F851B}.Debug|iPhone.ActiveCfg = Debug|iPhone
		{5B305611-D50A-449C-9FF9-B101DC8F851B}.Debug|iPhone.Build.0 = Debug|iPhone
		{5B305611-D50A-449C-9FF9-B101DC8F851B}.Debug|iPhone.Deploy.0 = Debug|iPhone
		{5B305611-D50A-449C-9FF9-B101DC8F851B}.Debug|iPhoneSimulator.ActiveCfg = Debug|iPhoneSimulator
		{5B305611-D50A-449C-9FF9-B101DC8F851B}.Debug|iPhoneSimulator.Build.0 = Debug|iPhoneSimulator
		{5B305611-D50A-449C-9FF9-B101DC8F851B}.Debug|iPhoneSimulator.Deploy.0 = Debug|iPhoneSimulator
		{5B305611-D50A-449C-9FF9-B101DC8F851B}.Release|Any CPU.ActiveCfg = Release|iPhone
		{5B305611-D50A-449C-9FF9-B101DC8F851B}.Release|Any CPU.Build.0 = Release|iPhone
		{5B305611-D50A-449C-9FF9-B101DC8F851B}.Release|Any CPU.Deploy.0 = Release|iPhone
		{5B305611-D50A-449C-9FF9-B101DC8F851B}.Release|iPhone.ActiveCfg = Release|iPhone
		{5B305611-D50A-449C-9FF9-B101DC8F851B}.Release|iPhone.Build.0 = Release|iPhone
		{5B305611-D50A-449C-9FF9-B101DC8F851B}.Release|iPhone.Deploy.0 = Release|iPhone
		{5B305611-D50A-449C-9FF9-B101DC8F851B}.Release|iPhoneSimulator.ActiveCfg = Release|iPhoneSimulator
		{5B305611-D50A-449C-9FF9-B101DC8F851B}.Release|iPhoneSimulator.Build.0 = Release|iPhoneSimulator
		{5B305611-D50A-449C-9FF9-B101DC8F851B}.Release|iPhoneSimulator.Deploy.0 = Release|iPhoneSimulator
		{C8AB37FF-5088-41C9-880C-DE822F6989D2}.Debug|Any CPU.ActiveCfg = Debug|Any CPU
		{C8AB37FF-5088-41C9-880C-DE822F6989D2}.Debug|Any CPU.Build.0 = Debug|Any CPU
		{C8AB37FF-5088-41C9-880C-DE822F6989D2}.Debug|Any CPU.Deploy.0 = Debug|Any CPU
		{C8AB37FF-5088-41C9-880C-DE822F6989D2}.Debug|iPhone.ActiveCfg = Debug|Any CPU
		{C8AB37FF-5088-41C9-880C-DE822F6989D2}.Debug|iPhone.Build.0 = Debug|Any CPU
		{C8AB37FF-5088-41C9-880C-DE822F6989D2}.Debug|iPhone.Deploy.0 = Debug|Any CPU
		{C8AB37FF-5088-41C9-880C-DE822F6989D2}.Debug|iPhoneSimulator.ActiveCfg = Debug|Any CPU
		{C8AB37FF-5088-41C9-880C-DE822F6989D2}.Debug|iPhoneSimulator.Build.0 = Debug|Any CPU
		{C8AB37FF-5088-41C9-880C-DE822F6989D2}.Debug|iPhoneSimulator.Deploy.0 = Debug|Any CPU
		{C8AB37FF-5088-41C9-880C-DE822F6989D2}.Release|Any CPU.ActiveCfg = Release|Any CPU
		{C8AB37FF-5088-41C9-880C-DE822F6989D2}.Release|Any CPU.Build.0 = Release|Any CPU
		{C8AB37FF-5088-41C9-880C-DE822F6989D2}.Release|Any CPU.Deploy.0 = Release|Any CPU
		{C8AB37FF-5088-41C9-880C-DE822F6989D2}.Release|iPhone.ActiveCfg = Release|Any CPU
		{C8AB37FF-5088-41C9-880C-DE822F6989D2}.Release|iPhone.Build.0 = Release|Any CPU
		{C8AB37FF-5088-41C9-880C-DE822F6989D2}.Release|iPhone.Deploy.0 = Release|Any CPU
		{C8AB37FF-5088-41C9-880C-DE822F6989D2}.Release|iPhoneSimulator.ActiveCfg = Release|Any CPU
		{C8AB37FF-5088-41C9-880C-DE822F6989D2}.Release|iPhoneSimulator.Build.0 = Release|Any CPU
		{C8AB37FF-5088-41C9-880C-DE822F6989D2}.Release|iPhoneSimulator.Deploy.0 = Release|Any CPU
	EndGlobalSection
	GlobalSection(SolutionProperties) = preSolution
		HideSolutionNode = FALSE
	EndGlobalSection
	GlobalSection(ExtensibilityGlobals) = postSolution
		SolutionGuid = {5B6308CA-F80A-4F6B-ADEE-635975F37F34}
	EndGlobalSection
EndGlobal
